
Microsoft Visual Studio Solution File, Format Version 12.00
# Visual Studio Version 17
VisualStudioVersion = 17.6.33829.357
MinimumVisualStudioVersion = 10.0.40219.1
Project("{8BC9CEB8-8B4A-11D0-8D11-00A0C91BC942}") = "230831_addr1sangha", "230831_addr1sangha\230831_addr1sangha.vcxproj", "{31A62367-4CDA-4D19-A0CB-04A7F65B30B6}"
EndProject
Global
	GlobalSection(SolutionConfigurationPlatforms) = preSolution
		Debug|x64 = Debug|x64
		Debug|x86 = Debug|x86
		Release|x64 = Release|x64
		Release|x86 = Release|x86
	EndGlobalSection
	GlobalSection(ProjectConfigurationPlatforms) = postSolution
		{31A62367-4CDA-4D19-A0CB-04A7F65B30B6}.Debug|x64.ActiveCfg = Debug|x64
		{31A62367-4CDA-4D19-A0CB-04A7F65B30B6}.Debug|x64.Build.0 = Debug|x64
		{31A62367-4CDA-4D19-A0CB-04A7F65B30B6}.Debug|x86.ActiveCfg = Debug|Win32
		{31A62367-4CDA-4D19-A0CB-04A7F65B30B6}.Debug|x86.Build.0 = Debug|Win32
		{31A62367-4CDA-4D19-A0CB-04A7F65B30B6}.Release|x64.ActiveCfg = Release|x64
		{31A62367-4CDA-4D19-A0CB-04A7F65B30B6}.Release|x64.Build.0 = Release|x64
		{31A62367-4CDA-4D19-A0CB-04A7F65B30B6}.Release|x86.ActiveCfg = Release|Win32
		{31A62367-4CDA-4D19-A0CB-04A7F65B30B6}.Release|x86.Build.0 = Release|Win32
	EndGlobalSection
	GlobalSection(SolutionProperties) = preSolution
		HideSolutionNode = FALSE
	EndGlobalSection
	GlobalSection(ExtensibilityGlobals) = postSolution
		SolutionGuid = {17A569AD-D4B9-40B2-84E9-E39C8542B73B}
	EndGlobalSection
EndGlobal
